// !$*UTF8*$!
{
	archiveVersion = 1;
	classes = {
	};
	objectVersion = 56;
	objects = {

/* Begin PBXBuildFile section */
		2E57D8152997ED6A00B33CCE /* AppDelegate.swift in Sources */ = {isa = PBXBuildFile; fileRef = 2E57D8142997ED6A00B33CCE /* AppDelegate.swift */; };
		2E57D8172997ED6A00B33CCE /* SceneDelegate.swift in Sources */ = {isa = PBXBuildFile; fileRef = 2E57D8162997ED6A00B33CCE /* SceneDelegate.swift */; };
		2E57D8192997ED6A00B33CCE /* MainViewController.swift in Sources */ = {isa = PBXBuildFile; fileRef = 2E57D8182997ED6A00B33CCE /* MainViewController.swift */; };
		2E57D81E2997ED6B00B33CCE /* Assets.xcassets in Resources */ = {isa = PBXBuildFile; fileRef = 2E57D81D2997ED6B00B33CCE /* Assets.xcassets */; };
		2E57D8212997ED6B00B33CCE /* LaunchScreen.storyboard in Resources */ = {isa = PBXBuildFile; fileRef = 2E57D81F2997ED6B00B33CCE /* LaunchScreen.storyboard */; };
		2E57D82A2997EF1400B33CCE /* HomeViewController.swift in Sources */ = {isa = PBXBuildFile; fileRef = 2E57D8292997EF1400B33CCE /* HomeViewController.swift */; };
		2E57D82C2997EF2200B33CCE /* TaskViewController.swift in Sources */ = {isa = PBXBuildFile; fileRef = 2E57D82B2997EF2200B33CCE /* TaskViewController.swift */; };
		2E57D82E2997EF4000B33CCE /* AnaliticsViewController.swift in Sources */ = {isa = PBXBuildFile; fileRef = 2E57D82D2997EF4000B33CCE /* AnaliticsViewController.swift */; };
		2E57D8302997EF5600B33CCE /* TimerViewController.swift in Sources */ = {isa = PBXBuildFile; fileRef = 2E57D82F2997EF5600B33CCE /* TimerViewController.swift */; };
		2EE240D829A648AC00979231 /* HomeTableViewCell.swift in Sources */ = {isa = PBXBuildFile; fileRef = 2EE240D729A648AC00979231 /* HomeTableViewCell.swift */; };
/* End PBXBuildFile section */

/* Begin PBXFileReference section */
		2E57D8112997ED6A00B33CCE /* ManageHour.app */ = {isa = PBXFileReference; explicitFileType = wrapper.application; includeInIndex = 0; path = ManageHour.app; sourceTree = BUILT_PRODUCTS_DIR; };
		2E57D8142997ED6A00B33CCE /* AppDelegate.swift */ = {isa = PBXFileReference; lastKnownFileType = sourcecode.swift; path = AppDelegate.swift; sourceTree = "<group>"; };
		2E57D8162997ED6A00B33CCE /* SceneDelegate.swift */ = {isa = PBXFileReference; lastKnownFileType = sourcecode.swift; path = SceneDelegate.swift; sourceTree = "<group>"; };
		2E57D8182997ED6A00B33CCE /* MainViewController.swift */ = {isa = PBXFileReference; lastKnownFileType = sourcecode.swift; path = MainViewController.swift; sourceTree = "<group>"; };
		2E57D81D2997ED6B00B33CCE /* Assets.xcassets */ = {isa = PBXFileReference; lastKnownFileType = folder.assetcatalog; path = Assets.xcassets; sourceTree = "<group>"; };
		2E57D8202997ED6B00B33CCE /* Base */ = {isa = PBXFileReference; lastKnownFileType = file.storyboard; name = Base; path = Base.lproj/LaunchScreen.storyboard; sourceTree = "<group>"; };
		2E57D8222997ED6B00B33CCE /* Info.plist */ = {isa = PBXFileReference; lastKnownFileType = text.plist.xml; path = Info.plist; sourceTree = "<group>"; };
		2E57D8292997EF1400B33CCE /* HomeViewController.swift */ = {isa = PBXFileReference; lastKnownFileType = sourcecode.swift; path = HomeViewController.swift; sourceTree = "<group>"; };
		2E57D82B2997EF2200B33CCE /* TaskViewController.swift */ = {isa = PBXFileReference; lastKnownFileType = sourcecode.swift; path = TaskViewController.swift; sourceTree = "<group>"; };
		2E57D82D2997EF4000B33CCE /* AnaliticsViewController.swift */ = {isa = PBXFileReference; lastKnownFileType = sourcecode.swift; path = AnaliticsViewController.swift; sourceTree = "<group>"; };
		2E57D82F2997EF5600B33CCE /* TimerViewController.swift */ = {isa = PBXFileReference; lastKnownFileType = sourcecode.swift; path = TimerViewController.swift; sourceTree = "<group>"; };
		2EE240D729A648AC00979231 /* HomeTableViewCell.swift */ = {isa = PBXFileReference; lastKnownFileType = sourcecode.swift; path = HomeTableViewCell.swift; sourceTree = "<group>"; };
/* End PBXFileReference section */

/* Begin PBXFrameworksBuildPhase section */
		2E57D80E2997ED6A00B33CCE /* Frameworks */ = {
			isa = PBXFrameworksBuildPhase;
			buildActionMask = 2147483647;
			files = (
			);
			runOnlyForDeploymentPostprocessing = 0;
		};
/* End PBXFrameworksBuildPhase section */

/* Begin PBXGroup section */
		2E57D8082997ED6A00B33CCE = {
			isa = PBXGroup;
			children = (
				2E57D8132997ED6A00B33CCE /* ManageHour */,
				2E57D8122997ED6A00B33CCE /* Products */,
			);
			sourceTree = "<group>";
		};
		2E57D8122997ED6A00B33CCE /* Products */ = {
			isa = PBXGroup;
			children = (
				2E57D8112997ED6A00B33CCE /* ManageHour.app */,
			);
			name = Products;
			sourceTree = "<group>";
		};
		2E57D8132997ED6A00B33CCE /* ManageHour */ = {
			isa = PBXGroup;
			children = (
				2E57D8142997ED6A00B33CCE /* AppDelegate.swift */,
				2E57D8162997ED6A00B33CCE /* SceneDelegate.swift */,
				2E57D8182997ED6A00B33CCE /* MainViewController.swift */,
				2EE240D629A6489600979231 /* Views */,
				2E57D8282997EEEE00B33CCE /* Contollers */,
				2E57D81D2997ED6B00B33CCE /* Assets.xcassets */,
				2E57D81F2997ED6B00B33CCE /* LaunchScreen.storyboard */,
				2E57D8222997ED6B00B33CCE /* Info.plist */,
			);
			path = ManageHour;
			sourceTree = "<group>";
		};
		2E57D8282997EEEE00B33CCE /* Contollers */ = {
			isa = PBXGroup;
			children = (
				2E57D8292997EF1400B33CCE /* HomeViewController.swift */,
				2E57D82B2997EF2200B33CCE /* TaskViewController.swift */,
				2E57D82F2997EF5600B33CCE /* TimerViewController.swift */,
				2E57D82D2997EF4000B33CCE /* AnaliticsViewController.swift */,
			);
			path = Contollers;
			sourceTree = "<group>";
		};
		2EE240D629A6489600979231 /* Views */ = {
			isa = PBXGroup;
			children = (
				2EE240D729A648AC00979231 /* HomeTableViewCell.swift */,
			);
			path = Views;
			sourceTree = "<group>";
		};
/* End PBXGroup section */

/* Begin PBXNativeTarget section */
		2E57D8102997ED6A00B33CCE /* ManageHour */ = {
			isa = PBXNativeTarget;
			buildConfigurationList = 2E57D8252997ED6B00B33CCE /* Build configuration list for PBXNativeTarget "ManageHour" */;
			buildPhases = (
				2E57D80D2997ED6A00B33CCE /* Sources */,
				2E57D80E2997ED6A00B33CCE /* Frameworks */,
				2E57D80F2997ED6A00B33CCE /* Resources */,
				2EE2409529A37E3300979231 /* ShellScript */,
			);
			buildRules = (
			);
			dependencies = (
			);
			name = ManageHour;
			productName = ManageHour;
			productReference = 2E57D8112997ED6A00B33CCE /* ManageHour.app */;
			productType = "com.apple.product-type.application";
		};
/* End PBXNativeTarget section */

/* Begin PBXProject section */
		2E57D8092997ED6A00B33CCE /* Project object */ = {
			isa = PBXProject;
			attributes = {
				BuildIndependentTargetsInParallel = 1;
				LastSwiftUpdateCheck = 1400;
				LastUpgradeCheck = 1400;
				TargetAttributes = {
					2E57D8102997ED6A00B33CCE = {
						CreatedOnToolsVersion = 14.0.1;
					};
				};
			};
			buildConfigurationList = 2E57D80C2997ED6A00B33CCE /* Build configuration list for PBXProject "ManageHour" */;
			compatibilityVersion = "Xcode 14.0";
			developmentRegion = en;
			hasScannedForEncodings = 0;
			knownRegions = (
				en,
				Base,
			);
			mainGroup = 2E57D8082997ED6A00B33CCE;
			productRefGroup = 2E57D8122997ED6A00B33CCE /* Products */;
			projectDirPath = "";
			projectRoot = "";
			targets = (
				2E57D8102997ED6A00B33CCE /* ManageHour */,
			);
		};
/* End PBXProject section */

/* Begin PBXResourcesBuildPhase section */
		2E57D80F2997ED6A00B33CCE /* Resources */ = {
			isa = PBXResourcesBuildPhase;
			buildActionMask = 2147483647;
			files = (
				2E57D8212997ED6B00B33CCE /* LaunchScreen.storyboard in Resources */,
				2E57D81E2997ED6B00B33CCE /* Assets.xcassets in Resources */,
			);
			runOnlyForDeploymentPostprocessing = 0;
		};
/* End PBXResourcesBuildPhase section */

/* Begin PBXShellScriptBuildPhase section */
		2EE2409529A37E3300979231 /* ShellScript */ = {
			isa = PBXShellScriptBuildPhase;
			buildActionMask = 8;
			files = (
			);
			inputFileListPaths = (
			);
			inputPaths = (
			);
			outputFileListPaths = (
			);
			outputPaths = (
			);
			runOnlyForDeploymentPostprocessing = 1;
			shellPath = /bin/sh;
			shellScript = "# Type a script or drag a script file from your workspace to insert its path.\nexport PATH=\"$PATH:/opt/homebrew/bin\"\nif which swiftlint > /dev/null; then\n  swiftlint\nelse\n  echo \"warning: SwiftLint not installed, download from https://github.com/realm/SwiftLint\"\n  exit 1\nfi\n";
		};
/* End PBXShellScriptBuildPhase section */

/* Begin PBXSourcesBuildPhase section */
		2E57D80D2997ED6A00B33CCE /* Sources */ = {
			isa = PBXSourcesBuildPhase;
			buildActionMask = 2147483647;
			files = (
				2E57D8192997ED6A00B33CCE /* MainViewController.swift in Sources */,
				2EE240D829A648AC00979231 /* HomeTableViewCell.swift in Sources */,
				2E57D8152997ED6A00B33CCE /* AppDelegate.swift in Sources */,
				2E57D82C2997EF2200B33CCE /* TaskViewController.swift in Sources */,
				2E57D8302997EF5600B33CCE /* TimerViewController.swift in Sources */,
				2E57D82E2997EF4000B33CCE /* AnaliticsViewController.swift in Sources */,
				2E57D8172997ED6A00B33CCE /* SceneDelegate.swift in Sources */,
				2E57D82A2997EF1400B33CCE /* HomeViewController.swift in Sources */,
			);
			runOnlyForDeploymentPostprocessing = 0;
		};
/* End PBXSourcesBuildPhase section */

/* Begin PBXVariantGroup section */
		2E57D81F2997ED6B00B33CCE /* LaunchScreen.storyboard */ = {
			isa = PBXVariantGroup;
			children = (
				2E57D8202997ED6B00B33CCE /* Base */,
			);
			name = LaunchScreen.storyboard;
			sourceTree = "<group>";
		};
/* End PBXVariantGroup section */

/* Begin XCBuildConfiguration section */
		2E57D8232997ED6B00B33CCE /* Debug */ = {
			isa = XCBuildConfiguration;
			buildSettings = {
				ALWAYS_SEARCH_USER_PATHS = NO;
				CLANG_ANALYZER_NONNULL = YES;
				CLANG_ANALYZER_NUMBER_OBJECT_CONVERSION = YES_AGGRESSIVE;
				CLANG_CXX_LANGUAGE_STANDARD = "gnu++20";
				CLANG_ENABLE_MODULES = YES;
				CLANG_ENABLE_OBJC_ARC = YES;
				CLANG_ENABLE_OBJC_WEAK = YES;
				CLANG_WARN_BLOCK_CAPTURE_AUTORELEASING = YES;
				CLANG_WARN_BOOL_CONVERSION = YES;
				CLANG_WARN_COMMA = YES;
				CLANG_WARN_CONSTANT_CONVERSION = YES;
				CLANG_WARN_DEPRECATED_OBJC_IMPLEMENTATIONS = YES;
				CLANG_WARN_DIRECT_OBJC_ISA_USAGE = YES_ERROR;
				CLANG_WARN_DOCUMENTATION_COMMENTS = YES;
				CLANG_WARN_EMPTY_BODY = YES;
				CLANG_WARN_ENUM_CONVERSION = YES;
				CLANG_WARN_INFINITE_RECURSION = YES;
				CLANG_WARN_INT_CONVERSION = YES;
				CLANG_WARN_NON_LITERAL_NULL_CONVERSION = YES;
				CLANG_WARN_OBJC_IMPLICIT_RETAIN_SELF = YES;
				CLANG_WARN_OBJC_LITERAL_CONVERSION = YES;
				CLANG_WARN_OBJC_ROOT_CLASS = YES_ERROR;
				CLANG_WARN_QUOTED_INCLUDE_IN_FRAMEWORK_HEADER = YES;
				CLANG_WARN_RANGE_LOOP_ANALYSIS = YES;
				CLANG_WARN_STRICT_PROTOTYPES = YES;
				CLANG_WARN_SUSPICIOUS_MOVE = YES;
				CLANG_WARN_UNGUARDED_AVAILABILITY = YES_AGGRESSIVE;
				CLANG_WARN_UNREACHABLE_CODE = YES;
				CLANG_WARN__DUPLICATE_METHOD_MATCH = YES;
				COPY_PHASE_STRIP = NO;
				DEBUG_INFORMATION_FORMAT = dwarf;
				ENABLE_STRICT_OBJC_MSGSEND = YES;
				ENABLE_TESTABILITY = YES;
				GCC_C_LANGUAGE_STANDARD = gnu11;
				GCC_DYNAMIC_NO_PIC = NO;
				GCC_NO_COMMON_BLOCKS = YES;
				GCC_OPTIMIZATION_LEVEL = 0;
				GCC_PREPROCESSOR_DEFINITIONS = (
					"DEBUG=1",
					"$(inherited)",
				);
				GCC_WARN_64_TO_32_BIT_CONVERSION = YES;
				GCC_WARN_ABOUT_RETURN_TYPE = YES_ERROR;
				GCC_WARN_UNDECLARED_SELECTOR = YES;
				GCC_WARN_UNINITIALIZED_AUTOS = YES_AGGRESSIVE;
				GCC_WARN_UNUSED_FUNCTION = YES;
				GCC_WARN_UNUSED_VARIABLE = YES;
				IPHONEOS_DEPLOYMENT_TARGET = 15.1;
				MTL_ENABLE_DEBUG_INFO = INCLUDE_SOURCE;
				MTL_FAST_MATH = YES;
				ONLY_ACTIVE_ARCH = YES;
				SDKROOT = iphoneos;
				SWIFT_ACTIVE_COMPILATION_CONDITIONS = DEBUG;
				SWIFT_OPTIMIZATION_LEVEL = "-Onone";
			};
			name = Debug;
		};
		2E57D8242997ED6B00B33CCE /* Release */ = {
			isa = XCBuildConfiguration;
			buildSettings = {
				ALWAYS_SEARCH_USER_PATHS = NO;
				CLANG_ANALYZER_NONNULL = YES;
				CLANG_ANALYZER_NUMBER_OBJECT_CONVERSION = YES_AGGRESSIVE;
				CLANG_CXX_LANGUAGE_STANDARD = "gnu++20";
				CLANG_ENABLE_MODULES = YES;
				CLANG_ENABLE_OBJC_ARC = YES;
				CLANG_ENABLE_OBJC_WEAK = YES;
				CLANG_WARN_BLOCK_CAPTURE_AUTORELEASING = YES;
				CLANG_WARN_BOOL_CONVERSION = YES;
				CLANG_WARN_COMMA = YES;
				CLANG_WARN_CONSTANT_CONVERSION = YES;
				CLANG_WARN_DEPRECATED_OBJC_IMPLEMENTATIONS = YES;
				CLANG_WARN_DIRECT_OBJC_ISA_USAGE = YES_ERROR;
				CLANG_WARN_DOCUMENTATION_COMMENTS = YES;
				CLANG_WARN_EMPTY_BODY = YES;
				CLANG_WARN_ENUM_CONVERSION = YES;
				CLANG_WARN_INFINITE_RECURSION = YES;
				CLANG_WARN_INT_CONVERSION = YES;
				CLANG_WARN_NON_LITERAL_NULL_CONVERSION = YES;
				CLANG_WARN_OBJC_IMPLICIT_RETAIN_SELF = YES;
				CLANG_WARN_OBJC_LITERAL_CONVERSION = YES;
				CLANG_WARN_OBJC_ROOT_CLASS = YES_ERROR;
				CLANG_WARN_QUOTED_INCLUDE_IN_FRAMEWORK_HEADER = YES;
				CLANG_WARN_RANGE_LOOP_ANALYSIS = YES;
				CLANG_WARN_STRICT_PROTOTYPES = YES;
				CLANG_WARN_SUSPICIOUS_MOVE = YES;
				CLANG_WARN_UNGUARDED_AVAILABILITY = YES_AGGRESSIVE;
				CLANG_WARN_UNREACHABLE_CODE = YES;
				CLANG_WARN__DUPLICATE_METHOD_MATCH = YES;
				COPY_PHASE_STRIP = NO;
				DEBUG_INFORMATION_FORMAT = "dwarf-with-dsym";
				ENABLE_NS_ASSERTIONS = NO;
				ENABLE_STRICT_OBJC_MSGSEND = YES;
				GCC_C_LANGUAGE_STANDARD = gnu11;
				GCC_NO_COMMON_BLOCKS = YES;
				GCC_WARN_64_TO_32_BIT_CONVERSION = YES;
				GCC_WARN_ABOUT_RETURN_TYPE = YES_ERROR;
				GCC_WARN_UNDECLARED_SELECTOR = YES;
				GCC_WARN_UNINITIALIZED_AUTOS = YES_AGGRESSIVE;
				GCC_WARN_UNUSED_FUNCTION = YES;
				GCC_WARN_UNUSED_VARIABLE = YES;
				IPHONEOS_DEPLOYMENT_TARGET = 15.1;
				MTL_ENABLE_DEBUG_INFO = NO;
				MTL_FAST_MATH = YES;
				SDKROOT = iphoneos;
				SWIFT_COMPILATION_MODE = wholemodule;
				SWIFT_OPTIMIZATION_LEVEL = "-O";
				VALIDATE_PRODUCT = YES;
			};
			name = Release;
		};
		2E57D8262997ED6B00B33CCE /* Debug */ = {
			isa = XCBuildConfiguration;
			buildSettings = {
				ASSETCATALOG_COMPILER_APPICON_NAME = AppIcon;
				ASSETCATALOG_COMPILER_GLOBAL_ACCENT_COLOR_NAME = AccentColor;
				CODE_SIGN_IDENTITY = "Apple Development";
				CODE_SIGN_STYLE = Automatic;
				CURRENT_PROJECT_VERSION = 1;
				DEVELOPMENT_TEAM = N2GA73W9DP;
				GENERATE_INFOPLIST_FILE = YES;
				INFOPLIST_FILE = ManageHour/Info.plist;
				INFOPLIST_KEY_UIApplicationSupportsIndirectInputEvents = YES;
				INFOPLIST_KEY_UILaunchStoryboardName = LaunchScreen;
				INFOPLIST_KEY_UISupportedInterfaceOrientations = UIInterfaceOrientationPortrait;
				INFOPLIST_KEY_UISupportedInterfaceOrientations_iPad = "UIInterfaceOrientationLandscapeLeft UIInterfaceOrientationLandscapeRight UIInterfaceOrientationPortrait UIInterfaceOrientationPortraitUpsideDown";
				IPHONEOS_DEPLOYMENT_TARGET = 15.1;
				LD_RUNPATH_SEARCH_PATHS = (
					"$(inherited)",
					"@executable_path/Frameworks",
				);
				MARKETING_VERSION = 1.0;
				PRODUCT_BUNDLE_IDENTIFIER = DreamTeam.ManageHour;
				PRODUCT_NAME = "$(TARGET_NAME)";
				PROVISIONING_PROFILE_SPECIFIER = "";
				SUPPORTED_PLATFORMS = "iphoneos iphonesimulator";
				SUPPORTS_MACCATALYST = NO;
				SUPPORTS_MAC_DESIGNED_FOR_IPHONE_IPAD = NO;
				SWIFT_EMIT_LOC_STRINGS = YES;
				SWIFT_VERSION = 5.0;
				TARGETED_DEVICE_FAMILY = 1;
			};
			name = Debug;
		};
		2E57D8272997ED6B00B33CCE /* Release */ = {
			isa = XCBuildConfiguration;
			buildSettings = {
				ASSETCATALOG_COMPILER_APPICON_NAME = AppIcon;
				ASSETCATALOG_COMPILER_GLOBAL_ACCENT_COLOR_NAME = AccentColor;
				CODE_SIGN_IDENTITY = "Apple Development";
				CODE_SIGN_STYLE = Automatic;
				CURRENT_PROJECT_VERSION = 1;
				DEVELOPMENT_TEAM = N2GA73W9DP;
				GENERATE_INFOPLIST_FILE = YES;
				INFOPLIST_FILE = ManageHour/Info.plist;
				INFOPLIST_KEY_UIApplicationSupportsIndirectInputEvents = YES;
				INFOPLIST_KEY_UILaunchStoryboardName = LaunchScreen;
				INFOPLIST_KEY_UISupportedInterfaceOrientations = UIInterfaceOrientationPortrait;
				INFOPLIST_KEY_UISupportedInterfaceOrientations_iPad = "UIInterfaceOrientationLandscapeLeft UIInterfaceOrientationLandscapeRight UIInterfaceOrientationPortrait UIInterfaceOrientationPortraitUpsideDown";
				IPHONEOS_DEPLOYMENT_TARGET = 15.1;
				LD_RUNPATH_SEARCH_PATHS = (
					"$(inherited)",
					"@executable_path/Frameworks",
				);
				MARKETING_VERSION = 1.0;
				PRODUCT_BUNDLE_IDENTIFIER = DreamTeam.ManageHour;
				PRODUCT_NAME = "$(TARGET_NAME)";
				PROVISIONING_PROFILE_SPECIFIER = "";
				SUPPORTED_PLATFORMS = "iphoneos iphonesimulator";
				SUPPORTS_MACCATALYST = NO;
				SUPPORTS_MAC_DESIGNED_FOR_IPHONE_IPAD = NO;
				SWIFT_EMIT_LOC_STRINGS = YES;
				SWIFT_VERSION = 5.0;
				TARGETED_DEVICE_FAMILY = 1;
			};
			name = Release;
		};
/* End XCBuildConfiguration section */

/* Begin XCConfigurationList section */
		2E57D80C2997ED6A00B33CCE /* Build configuration list for PBXProject "ManageHour" */ = {
			isa = XCConfigurationList;
			buildConfigurations = (
				2E57D8232997ED6B00B33CCE /* Debug */,
				2E57D8242997ED6B00B33CCE /* Release */,
			);
			defaultConfigurationIsVisible = 0;
			defaultConfigurationName = Release;
		};
		2E57D8252997ED6B00B33CCE /* Build configuration list for PBXNativeTarget "ManageHour" */ = {
			isa = XCConfigurationList;
			buildConfigurations = (
				2E57D8262997ED6B00B33CCE /* Debug */,
				2E57D8272997ED6B00B33CCE /* Release */,
			);
			defaultConfigurationIsVisible = 0;
			defaultConfigurationName = Release;
		};
/* End XCConfigurationList section */
	};
	rootObject = 2E57D8092997ED6A00B33CCE /* Project object */;
}
